
Microsoft Visual Studio Solution File, Format Version 12.00
# Visual Studio Version 16
VisualStudioVersion = 16.0.31005.135
MinimumVisualStudioVersion = 10.0.40219.1
Project("{FAE04EC0-301F-11D3-BF4B-00C04F79EFBC}") = "ClassMetotDemo", "ClassMetotDemo\ClassMetotDemo.csproj", "{453C4F31-FA36-4234-97DE-3CBC4EE83511}"
EndProject
Global
	GlobalSection(SolutionConfigurationPlatforms) = preSolution
		Debug|Any CPU = Debug|Any CPU
		Release|Any CPU = Release|Any CPU
	EndGlobalSection
	GlobalSection(ProjectConfigurationPlatforms) = postSolution
		{453C4F31-FA36-4234-97DE-3CBC4EE83511}.Debug|Any CPU.ActiveCfg = Debug|Any CPU
		{453C4F31-FA36-4234-97DE-3CBC4EE83511}.Debug|Any CPU.Build.0 = Debug|Any CPU
		{453C4F31-FA36-4234-97DE-3CBC4EE83511}.Release|Any CPU.ActiveCfg = Release|Any CPU
		{453C4F31-FA36-4234-97DE-3CBC4EE83511}.Release|Any CPU.Build.0 = Release|Any CPU
	EndGlobalSection
	GlobalSection(SolutionProperties) = preSolution
		HideSolutionNode = FALSE
	EndGlobalSection
	GlobalSection(ExtensibilityGlobals) = postSolution
		SolutionGuid = {9D410133-8B64-4001-9070-C895FAC9B5BC}
	EndGlobalSection
EndGlobal
